
Microsoft Visual Studio Solution File, Format Version 12.00
# Visual Studio Version 17
VisualStudioVersion = 17.10.35027.167
MinimumVisualStudioVersion = 10.0.40219.1
Project("{FAE04EC0-301F-11D3-BF4B-00C04F79EFBC}") = "TrayHeartRate", "TrayHeartRate.csproj", "{910649D5-5841-43D9-9FF1-E18D8E84D6FD}"
EndProject
Global
	GlobalSection(SolutionConfigurationPlatforms) = preSolution
		Debug|Any CPU = Debug|Any CPU
		Release|Any CPU = Release|Any CPU
	EndGlobalSection
	GlobalSection(ProjectConfigurationPlatforms) = postSolution
		{910649D5-5841-43D9-9FF1-E18D8E84D6FD}.Debug|Any CPU.ActiveCfg = Debug|Any CPU
		{910649D5-5841-43D9-9FF1-E18D8E84D6FD}.Debug|Any CPU.Build.0 = Debug|Any CPU
		{910649D5-5841-43D9-9FF1-E18D8E84D6FD}.Release|Any CPU.ActiveCfg = Release|Any CPU
		{910649D5-5841-43D9-9FF1-E18D8E84D6FD}.Release|Any CPU.Build.0 = Release|Any CPU
	EndGlobalSection
	GlobalSection(SolutionProperties) = preSolution
		HideSolutionNode = FALSE
	EndGlobalSection
	GlobalSection(ExtensibilityGlobals) = postSolution
		SolutionGuid = {0DF351D8-A87F-4748-8383-3442BEA32B3B}
	EndGlobalSection
EndGlobal
